{
  "version": 4,
  "terraform_version": "1.5.7",
  "serial": 3,
  "lineage": "bc77f74f-71c9-d45e-380e-22f72f15f7e9",
  "outputs": {},
  "resources": [
    {
      "mode": "managed",
      "type": "google_artifact_registry_repository",
      "name": "smart_hire",
      "provider": "provider[\"registry.terraform.io/hashicorp/google\"]",
      "instances": [
        {
          "schema_version": 0,
          "attributes": {
            "cleanup_policies": [],
            "cleanup_policy_dry_run": false,
            "create_time": "2024-07-23T00:03:21.444253Z",
            "description": "docker repository",
            "docker_config": [],
            "effective_labels": {},
            "format": "DOCKER",
            "id": "projects/regal-scholar-423322-h0/locations/us-central1/repositories/smart-hire",
            "kms_key_name": "",
            "labels": null,
            "location": "us-central1",
            "maven_config": [],
            "mode": "STANDARD_REPOSITORY",
            "name": "smart-hire",
            "project": "regal-scholar-423322-h0",
            "remote_repository_config": [],
            "repository_id": "smart-hire",
            "terraform_labels": {},
            "timeouts": null,
            "update_time": "2024-07-23T00:03:21.444253Z",
            "virtual_repository_config": []
          },
          "sensitive_attributes": [],
          "private": "eyJlMmJmYjczMC1lY2FhLTExZTYtOGY4OC0zNDM2M2JjN2M0YzAiOnsiY3JlYXRlIjoxMjAwMDAwMDAwMDAwLCJkZWxldGUiOjEyMDAwMDAwMDAwMDAsInVwZGF0ZSI6MTIwMDAwMDAwMDAwMH19"
        }
      ]
    }
  ],
  "check_results": null
}
